PODS:
  - Alamofire (5.6.4)
  - SDWebImage (5.14.2):
    - SDWebImage/Core (= 5.14.2)
  - SDWebImage/Core (5.14.2)
  - SwiftMessages (9.0.9):
    - SwiftMessages/App (= 9.0.9)
  - SwiftMessages/App (9.0.9)

DEPENDENCIES:
  - Alamofire
  - SDWebImage
  - SwiftMessages

SPEC REPOS:
  trunk:
    - Alamofire
    - SDWebImage
    - SwiftMessages

SPEC CHECKSUMS:
  Alamofire: 4e95d97098eacb88856099c4fc79b526a299e48c
  SDWebImage: b9a731e1d6307f44ca703b3976d18c24ca561e84
  SwiftMessages: 1a23aef303fa7bb26ad802880746cf8358e378fe

PODFILE CHECKSUM: ffbf5b4d57a23aea581ba3029e209aa89922b0c4

COCOAPODS: 1.11.3
